# THIS IS AN AUTOGENERATED FILE. DO NOT EDIT THIS FILE DIRECTLY.
# yarn lockfile v1


boolbase@^1.0.0:
  version "1.0.0"
  resolved "https://registry.yarnpkg.com/boolbase/-/boolbase-1.0.0.tgz#68dff5fbe60c51eb37725ea9e3ed310dcc1e776e"
  integrity sha1-aN/1++YMUes3cl6p4+0xDcwed24=

css-select@^4.1.3:
  version "4.2.1"
  resolved "https://registry.yarnpkg.com/css-select/-/css-select-4.2.1.tgz#9e665d6ae4c7f9d65dbe69d0316e3221fb274cdd"
  integrity sha512-/aUslKhzkTNCQUB2qTX84lVmfia9NyjP3WpDGtj/WxhwBzWBYUV3DgUpurHTme8UTPcPlAD1DJ+b0nN/t50zDQ==
  dependencies:
    boolbase "^1.0.0"
    css-what "^5.1.0"
    domhandler "^4.3.0"
    domutils "^2.8.0"
    nth-check "^2.0.1"

css-what@^5.1.0:
  version "5.1.0"
  resolved "https://registry.yarnpkg.com/css-what/-/css-what-5.1.0.tgz#3f7b707aadf633baf62c2ceb8579b545bb40f7fe"
  integrity sha512-arSMRWIIFY0hV8pIxZMEfmMI47Wj3R/aWpZDDxWYCPEiOMv6tfOrnpDtgxBYPEQD4V0Y/958+1TdC3iWTFcUPw==

csv-generate@^4.1.0:
  version "4.1.0"
  resolved "https://registry.yarnpkg.com/csv-generate/-/csv-generate-4.1.0.tgz#31eb5cf9f2484f0d4b289ee03858fc77b3ed55ff"
  integrity sha512-Z17wI0xmDfpwzB7lShyK7INBt0YMyh5kV7svWTwsBSOa30T6Lq1fHHasmSCtf2rRTI7GnTk52HQRYBk0ToAXQQ==

csv-parse@^5.1.0:
  version "5.1.0"
  resolved "https://registry.yarnpkg.com/csv-parse/-/csv-parse-5.1.0.tgz#e587e969bf0385ecf4f36f584ed5ddebba0237ab"
  integrity sha512-JL+Q6YEikT2uoe57InjFFa6VejhSv0tDwOxeQ1bVQKeUC/NCnLAAZ8n3PzowPQQLuZ37fysDYZipB2UJkH9C6A==

csv-stringify@^6.1.0:
  version "6.1.0"
  resolved "https://registry.yarnpkg.com/csv-stringify/-/csv-stringify-6.1.0.tgz#6b79e2717bc35ae063800a490244117998a2e86c"
  integrity sha512-rdBqiy77TczvhGlpLHyoph2adMs6WMnmQY4PBRqeIWykI1FLnVCppnRdso8faGj2+eN7izk9YlbFyZkOrL9rAQ==

csv@^6.1.0:
  version "6.1.0"
  resolved "https://registry.yarnpkg.com/csv/-/csv-6.1.0.tgz#f81198182b19eeeb2cd7f2479fcc086a25edfcca"
  integrity sha512-kvd8YWk7emi/0fXhuv+IKaanNFhPi5Up1wT4ZGVUu39bd9lRWpxQu1F7eaRfxTEc9mGxeMWIzEilKKrL0MoEnQ==
  dependencies:
    csv-generate "^4.1.0"
    csv-parse "^5.1.0"
    csv-stringify "^6.1.0"
    stream-transform "^3.1.0"

dom-serializer@^1.0.1:
  version "1.3.2"
  resolved "https://registry.yarnpkg.com/dom-serializer/-/dom-serializer-1.3.2.tgz#6206437d32ceefaec7161803230c7a20bc1b4d91"
  integrity sha512-5c54Bk5Dw4qAxNOI1pFEizPSjVsx5+bpJKmL2kPn8JhBUq2q09tTCa3mjijun2NfK78NMouDYNMBkOrPZiS+ig==
  dependencies:
    domelementtype "^2.0.1"
    domhandler "^4.2.0"
    entities "^2.0.0"

domelementtype@^2.0.1, domelementtype@^2.2.0:
  version "2.2.0"
  resolved "https://registry.yarnpkg.com/domelementtype/-/domelementtype-2.2.0.tgz#9a0b6c2782ed6a1c7323d42267183df9bd8b1d57"
  integrity sha512-DtBMo82pv1dFtUmHyr48beiuq792Sxohr+8Hm9zoxklYPfa6n0Z3Byjj2IV7bmr2IyqClnqEQhfgHJJ5QF0R5A==

domhandler@^4.2.0, domhandler@^4.3.0:
  version "4.3.0"
  resolved "https://registry.yarnpkg.com/domhandler/-/domhandler-4.3.0.tgz#16c658c626cf966967e306f966b431f77d4a5626"
  integrity sha512-fC0aXNQXqKSFTr2wDNZDhsEYjCiYsDWl3D01kwt25hm1YIPyDGHvvi3rw+PLqHAl/m71MaiF7d5zvBr0p5UB2g==
  dependencies:
    domelementtype "^2.2.0"

domutils@^2.8.0:
  version "2.8.0"
  resolved "https://registry.yarnpkg.com/domutils/-/domutils-2.8.0.tgz#4437def5db6e2d1f5d6ee859bd95ca7d02048135"
  integrity sha512-w96Cjofp72M5IIhpjgobBimYEfoPjx1Vx0BSX9P30WBdZW2WIKU0T1Bd0kz2eNZ9ikjKgHbEyKx8BB6H1L3h3A==
  dependencies:
    dom-serializer "^1.0.1"
    domelementtype "^2.2.0"
    domhandler "^4.2.0"

entities@^2.0.0:
  version "2.2.0"
  resolved "https://registry.yarnpkg.com/entities/-/entities-2.2.0.tgz#098dc90ebb83d8dffa089d55256b351d34c4da55"
  integrity sha512-p92if5Nz619I0w+akJrLZH0MX0Pb5DX39XOwQTtXSdQQOaYH03S1uIQp4mhOZtAXrxq4ViO67YTiLBo2638o9A==

esbuild-android-64@0.14.45:
  version "0.14.45"
  resolved "https://registry.yarnpkg.com/esbuild-android-64/-/esbuild-android-64-0.14.45.tgz#696f078d97a1350ceea5db626b3bc4a60fc13555"
  integrity sha512-krVmwL2uXQN1A+Ci4u2MR+Y0IAvQK0u3no5TsgguHVhTy138szjuohScCGjkpvLCpGLk7P4kFP1LKuntvJ0d4A==

esbuild-android-arm64@0.14.45:
  version "0.14.45"
  resolved "https://registry.yarnpkg.com/esbuild-android-arm64/-/esbuild-android-arm64-0.14.45.tgz#d229da8040cea4a0041756d1abcea375b4e3f9db"
  integrity sha512-62POGdzAjM+XOXEM5MmFW6k9Pjdjg1hTrXKKBbPE700LFF36B+1Jv9QkskT5UadbTk4cdH9BQ7bGiRPYY0p/Dw==

esbuild-darwin-64@0.14.45:
  version "0.14.45"
  resolved "https://registry.yarnpkg.com/esbuild-darwin-64/-/esbuild-darwin-64-0.14.45.tgz#d7d38d91e4c03890d58c297131e9b82895a37a6a"
  integrity sha512-dbkVUAnGx5IeZesWnIhnvxy7dSvgUQvfy0TVLzd9XVP3oI/VsKs8UNsfPrxI5HiN4SINv7oPAbxWceMpB7IqNA==

esbuild-darwin-arm64@0.14.45:
  version "0.14.45"
  resolved "https://registry.yarnpkg.com/esbuild-darwin-arm64/-/esbuild-darwin-arm64-0.14.45.tgz#d4df2871b94351d7d5561e41f91aadba46857838"
  integrity sha512-O6Bz7nnOae5rvbh2Ueo8ibSr7+/eLjsbPdgeMsAZri+LkOa7nsVPnhmocpO3Hy/LWfagTtHy1O9HRPIaArPmTg==

esbuild-freebsd-64@0.14.45:
  version "0.14.45"
  resolved "https://registry.yarnpkg.com/esbuild-freebsd-64/-/esbuild-freebsd-64-0.14.45.tgz#e90106a2db3f5b0771392d3f9d8801b3138825c6"
  integrity sha512-y1X2nr3XSWnDC7MRcy21EVAT0TiCtdefOntJ+SQcZnPBTURzX77f99S8lDF2KswukChkiacpd2Wd4VZieo7w7Q==

esbuild-freebsd-arm64@0.14.45:
  version "0.14.45"
  resolved "https://registry.yarnpkg.com/esbuild-freebsd-arm64/-/esbuild-freebsd-arm64-0.14.45.tgz#e734c8ae8042cd9224406d45d6992261382bcbde"
  integrity sha512-r3ZNejkx1BKXQ6sYOP6C5rTwgiUajyAh03wygLWZtl+SLyygvAnu+OouqtveesufjBDgujp4wZXP/n8PVqXkqg==

esbuild-linux-32@0.14.45:
  version "0.14.45"
  resolved "https://registry.yarnpkg.com/esbuild-linux-32/-/esbuild-linux-32-0.14.45.tgz#0f814a784c941bfd5a5dca7ff742b57744c5324b"
  integrity sha512-Qk9cCO3PJig/Y+SdslN/Th4pbAjgaH9oUjVH28eMsLTPf6QDUuK6EED91jepJdR3vxhcnVjyl6JqtOWmP+uxCg==

esbuild-linux-64@0.14.45:
  version "0.14.45"
  resolved "https://registry.yarnpkg.com/esbuild-linux-64/-/esbuild-linux-64-0.14.45.tgz#2028a6dfb3fea7a5dd5e87cf00d02a36a3373e3c"
  integrity sha512-IybO2ugqvc/Zzn1Kih3x0FVjYAy3GTCwhtcp91dbdqk3wPqxYCzObYspa8ca0s+OovI0Cnb+rhXrUtq8gBqlqw==

esbuild-linux-arm64@0.14.45:
  version "0.14.45"
  resolved "https://registry.yarnpkg.com/esbuild-linux-arm64/-/esbuild-linux-arm64-0.14.45.tgz#6fef4165583215918d45150148ac0a18d5ef6323"
  integrity sha512-UNEyuHTwztrkEU/+mWIxGzKrYBo2cEtjYAZQVZB1kliANKgRITktg2miaO/b/VtNe84ob1aXSvW8XOPEn5RTGQ==

esbuild-linux-arm@0.14.45:
  version "0.14.45"
  resolved "https://registry.yarnpkg.com/esbuild-linux-arm/-/esbuild-linux-arm-0.14.45.tgz#e454f701ae5371322c8265f4356e098611e51f96"
  integrity sha512-qKWJ4A4TAcxXV2TBLPw3Av5X2SYNfyNnBHNJTQJ5VuevK6Aq5i6XEMvUgdlcVuZ9MYPfS5aJZWglzDzJMf1Lpw==

esbuild-linux-mips64le@0.14.45:
  version "0.14.45"
  resolved "https://registry.yarnpkg.com/esbuild-linux-mips64le/-/esbuild-linux-mips64le-0.14.45.tgz#093cc86be71f9b0cd2876da23ee2f5d35b09a247"
  integrity sha512-s/jcfw3Vpku5dIVSFVY7idJsGdIpIJ88IrkyprVgCG2yBeXatb67B7yIt0E1tL+OHrJJdNBw6GikCiMPAAu1VA==

esbuild-linux-ppc64le@0.14.45:
  version "0.14.45"
  resolved "https://registry.yarnpkg.com/esbuild-linux-ppc64le/-/esbuild-linux-ppc64le-0.14.45.tgz#8bddbf67157027e917b6e5b04230d7cf14d62cf2"
  integrity sha512-lJItl6ESZnhSx951U9R7MTBopgwIELHlQzC6SBR023V5JC1rPRFDZ/UEBsV+7BFcCAfqlyb+odGEAmcBSf4XCA==

esbuild-linux-riscv64@0.14.45:
  version "0.14.45"
  resolved "https://registry.yarnpkg.com/esbuild-linux-riscv64/-/esbuild-linux-riscv64-0.14.45.tgz#0f234f63595159cfc976fd5310e7902e8b5a7ad7"
  integrity sha512-8anMu+QLl9MununVCGJN2I/JvUWPm1EVsBBLq/J+Nz4hr8t6QOCuEp0HRaeMohyl2XiMFBchVu0mwa05rF7GFQ==

esbuild-linux-s390x@0.14.45:
  version "0.14.45"
  resolved "https://registry.yarnpkg.com/esbuild-linux-s390x/-/esbuild-linux-s390x-0.14.45.tgz#272288e0f30e4fa0f01d6df6572602c7df78c256"
  integrity sha512-1TPeNvNCoahMw745KNTA6POKaFfSqQrBb3fdOL82GXZqyKU/6rHNwGP0NgHe88bAUMp3QZfjGfCGKxfBHL77RQ==

esbuild-netbsd-64@0.14.45:
  version "0.14.45"
  resolved "https://registry.yarnpkg.com/esbuild-netbsd-64/-/esbuild-netbsd-64-0.14.45.tgz#0f9af25773e025cd1ca5e22277661cb15d36b406"
  integrity sha512-55f2eZ8EQhhOZosqX0mApgRoI9PrVyXlHd9Uivk+B0B4WTKUgzkoHaVk4EkIUtNRQTpDWPciTlpb/C2tUYVejA==

esbuild-openbsd-64@0.14.45:
  version "0.14.45"
  resolved "https://registry.yarnpkg.com/esbuild-openbsd-64/-/esbuild-openbsd-64-0.14.45.tgz#6d47a564eb4b80d9e3aeb4493918b36d17440228"
  integrity sha512-Z5sNcT3oN9eryMW3mGn5HAgg7XCxiUS4isqH1tZXpsdOdOESbgbTEP0mBEJU0WU7Vt2gIN5XMbAp7Oigm0k71g==

esbuild-sunos-64@0.14.45:
  version "0.14.45"
  resolved "https://registry.yarnpkg.com/esbuild-sunos-64/-/esbuild-sunos-64-0.14.45.tgz#cca97d7d31214bddfa1970386883d1f3f2868cec"
  integrity sha512-WmWu4wAm8mIxxK9aWFCj5VHunY3BHQDT3dAPexMLLszPyMF7RDtUYf+Dash9tjyitvnoxPAvR7DpWpirDLQIlQ==

esbuild-windows-32@0.14.45:
  version "0.14.45"
  resolved "https://registry.yarnpkg.com/esbuild-windows-32/-/esbuild-windows-32-0.14.45.tgz#afd98449fd6a741a4655e3e4f0e5ae7081765baf"
  integrity sha512-DPPehKwPJFBoSG+jILc/vcJNN8pTwz1m6FWojxqtqPhgw8OabTgN4vL7gNMqL/FSeDxF+zyvZeeMrZFYF1d81Q==

esbuild-windows-64@0.14.45:
  version "0.14.45"
  resolved "https://registry.yarnpkg.com/esbuild-windows-64/-/esbuild-windows-64-0.14.45.tgz#5d284b712b119c6306ac5f32e2a611ac6eec2842"
  integrity sha512-t6bxFZcp9bLmSs+1pCNL/BW2bq3QEQHxU4HoiMEyWfF8QBU8iNXFI1iLGdyCzB1Ue2739h55tpOvojFrfyNPWA==

esbuild-windows-arm64@0.14.45:
  version "0.14.45"
  resolved "https://registry.yarnpkg.com/esbuild-windows-arm64/-/esbuild-windows-arm64-0.14.45.tgz#08089d4cc921939ed352d9c2d928b5d867a6dc67"
  integrity sha512-DnhrvjECBJ2L0owoznPb4RqQKZ498SM8J+YHqmqzi0Gf/enkUwwTjB8vPCK6dDuFnNU/NE8f94FhKdkBHYruDQ==

esbuild@^0.14.45:
  version "0.14.45"
  resolved "https://registry.yarnpkg.com/esbuild/-/esbuild-0.14.45.tgz#3e3192894f91c32cf19207726f136278be46e968"
  integrity sha512-JOxGUD8jcs8xE8DjyGWC8by/vLMCXTJ/wuauWipL5kJRZx1dhpqIntb31QHjA45GZJWaXv7SjC/Zwu1bCkXWtQ==
  optionalDependencies:
    esbuild-android-64 "0.14.45"
    esbuild-android-arm64 "0.14.45"
    esbuild-darwin-64 "0.14.45"
    esbuild-darwin-arm64 "0.14.45"
    esbuild-freebsd-64 "0.14.45"
    esbuild-freebsd-arm64 "0.14.45"
    esbuild-linux-32 "0.14.45"
    esbuild-linux-64 "0.14.45"
    esbuild-linux-arm "0.14.45"
    esbuild-linux-arm64 "0.14.45"
    esbuild-linux-mips64le "0.14.45"
    esbuild-linux-ppc64le "0.14.45"
    esbuild-linux-riscv64 "0.14.45"
    esbuild-linux-s390x "0.14.45"
    esbuild-netbsd-64 "0.14.45"
    esbuild-openbsd-64 "0.14.45"
    esbuild-sunos-64 "0.14.45"
    esbuild-windows-32 "0.14.45"
    esbuild-windows-64 "0.14.45"
    esbuild-windows-arm64 "0.14.45"

he@1.2.0:
  version "1.2.0"
  resolved "https://registry.yarnpkg.com/he/-/he-1.2.0.tgz#84ae65fa7eafb165fddb61566ae14baf05664f0f"
  integrity sha512-F/1DnUGPopORZi0ni+CvrCgHQ5FyEAHRLSApuYWMmrbSwoN2Mn/7k+Gl38gJnR7yyDZk6WLXwiGod1JOWNDKGw==

husky@^8.0.0:
  version "8.0.1"
  resolved "https://registry.yarnpkg.com/husky/-/husky-8.0.1.tgz#511cb3e57de3e3190514ae49ed50f6bc3f50b3e9"
  integrity sha512-xs7/chUH/CKdOCs7Zy0Aev9e/dKOMZf3K1Az1nar3tzlv0jfqnYtu235bstsWTmXOR0EfINrPa97yy4Lz6RiKw==

node-fetch@^2:
  version "2.6.7"
  resolved "https://registry.yarnpkg.com/node-fetch/-/node-fetch-2.6.7.tgz#24de9fba827e3b4ae44dc8b20256a379160052ad"
  integrity sha512-ZjMPFEfVx5j+y2yF35Kzx5sF7kDzxuDj6ziH4FFbOp87zKDZNx8yExJIb05OGF4Nlt9IHFIMBkRl41VdvcNdbQ==
  dependencies:
    whatwg-url "^5.0.0"

node-html-parser@^5.2.0:
  version "5.2.0"
  resolved "https://registry.yarnpkg.com/node-html-parser/-/node-html-parser-5.2.0.tgz#6f29fd00d79f65334e7e20200964644207925607"
  integrity sha512-fmiwLfQu+J2A0zjwSEkztSHexAf5qq/WoiL/Hgo1K7JpfEP+OGWY5maG0kGaM+IFVdixF/1QbyXaQ3h4cGfeLw==
  dependencies:
    css-select "^4.1.3"
    he "1.2.0"

nth-check@^2.0.1:
  version "2.0.1"
  resolved "https://registry.yarnpkg.com/nth-check/-/nth-check-2.0.1.tgz#2efe162f5c3da06a28959fbd3db75dbeea9f0fc2"
  integrity sha512-it1vE95zF6dTT9lBsYbxvqh0Soy4SPowchj0UBGj/V6cTPnXXtQOPUbhZ6CmGzAD/rW22LQK6E96pcdJXk4A4w==
  dependencies:
    boolbase "^1.0.0"

prettier@^2.5.1:
  version "2.5.1"
  resolved "https://registry.npmjs.org/prettier/-/prettier-2.5.1.tgz"
  integrity sha512-vBZcPRUR5MZJwoyi3ZoyQlc1rXeEck8KgeC9AwwOn+exuxLxq5toTRDTSaVrXHxelDMHy9zlicw8u66yxoSUFg==

stream-transform@^3.1.0:
  version "3.1.0"
  resolved "https://registry.yarnpkg.com/stream-transform/-/stream-transform-3.1.0.tgz#9320fc99b6ef4767a0d87ff374c4366d46d214e9"
  integrity sha512-ncT/rST/M2N2zGLacJmeB7TNq/XS8Ck0xqvhYX6bgLwSPTSZLVFCSvNnwTU+RYhk9fAfwzCkYH9I5kdgcDMvfw==

tr46@~0.0.3:
  version "0.0.3"
  resolved "https://registry.yarnpkg.com/tr46/-/tr46-0.0.3.tgz#8184fd347dac9cdc185992f3a6622e14b9d9ab6a"
  integrity sha1-gYT9NH2snNwYWZLzpmIuFLnZq2o=

typescript@^4.7.3:
  version "4.7.3"
  resolved "https://registry.yarnpkg.com/typescript/-/typescript-4.7.3.tgz#8364b502d5257b540f9de4c40be84c98e23a129d"
  integrity sha512-WOkT3XYvrpXx4vMMqlD+8R8R37fZkjyLGlxavMc4iB8lrl8L0DeTcHbYgw/v0N/z9wAFsgBhcsF0ruoySS22mA==

webidl-conversions@^3.0.0:
  version "3.0.1"
  resolved "https://registry.yarnpkg.com/webidl-conversions/-/webidl-conversions-3.0.1.tgz#24534275e2a7bc6be7bc86611cc16ae0a5654871"
  integrity sha1-JFNCdeKnvGvnvIZhHMFq4KVlSHE=

whatwg-url@^5.0.0:
  version "5.0.0"
  resolved "https://registry.yarnpkg.com/whatwg-url/-/whatwg-url-5.0.0.tgz#966454e8765462e37644d3626f6742ce8b70965d"
  integrity sha1-lmRU6HZUYuN2RNNib2dCzotwll0=
  dependencies:
    tr46 "~0.0.3"
    webidl-conversions "^3.0.0"
